
Microsoft Visual Studio Solution File, Format Version 12.00
# Visual Studio Version 16
VisualStudioVersion = 16.0.29926.136
MinimumVisualStudioVersion = 10.0.40219.1
Project("{FAE04EC0-301F-11D3-BF4B-00C04F79EFBC}") = "Szwalnia", "Szwalnia.csproj", "{BFC8352C-98D1-4C39-A0CB-8298686F09EB}"
EndProject
Global
	GlobalSection(SolutionConfigurationPlatforms) = preSolution
		Debug|Any CPU = Debug|Any CPU
		Release|Any CPU = Release|Any CPU
	EndGlobalSection
	GlobalSection(ProjectConfigurationPlatforms) = postSolution
		{BFC8352C-98D1-4C39-A0CB-8298686F09EB}.Debug|Any CPU.ActiveCfg = Debug|Any CPU
		{BFC8352C-98D1-4C39-A0CB-8298686F09EB}.Debug|Any CPU.Build.0 = Debug|Any CPU
		{BFC8352C-98D1-4C39-A0CB-8298686F09EB}.Release|Any CPU.ActiveCfg = Release|Any CPU
		{BFC8352C-98D1-4C39-A0CB-8298686F09EB}.Release|Any CPU.Build.0 = Release|Any CPU
	EndGlobalSection
	GlobalSection(SolutionProperties) = preSolution
		HideSolutionNode = FALSE
	EndGlobalSection
	GlobalSection(ExtensibilityGlobals) = postSolution
		SolutionGuid = {FC7EF776-C08C-41C6-9DCF-74F04EFAF6FA}
	EndGlobalSection
EndGlobal
